{
  "name": "wp",
  "requires": true,
  "lockfileVersion": 1,
  "dependencies": {
    "http-string-parser": {
      "version": "0.0.6",
      "resolved": "https://registry.npmjs.org/http-string-parser/-/http-string-parser-0.0.6.tgz",
      "integrity": "sha1-QIihq6K4kVXOE5GLz7XLvqbE5+k="
    },
    "whatwg-mimetype": {
      "version": "2.3.0",
      "resolved": "https://registry.npmjs.org/whatwg-mimetype/-/whatwg-mimetype-2.3.0.tgz",
      "integrity": "sha512-M4yMwr6mAnQz76TbJm914+gPpB/nCwvZbJU28cUD6dR004SAxDLOOSUaB1JDRqLtaOV/vi0IC5lEAGFgrjGv/g=="
    }
  }
}
